
Microsoft Visual Studio Solution File, Format Version 12.00
# Visual Studio Version 16
VisualStudioVersion = 16.0.30128.74
MinimumVisualStudioVersion = 10.0.40219.1
Project("{FAE04EC0-301F-11D3-BF4B-00C04F79EFBC}") = "Objektgenerator", "Objektgenerator\Objektgenerator.csproj", "{6AF63287-53C4-452B-8CCD-7E2F056F8F0B}"
EndProject
Global
	GlobalSection(SolutionConfigurationPlatforms) = preSolution
		Debug|Any CPU = Debug|Any CPU
		Release|Any CPU = Release|Any CPU
	EndGlobalSection
	GlobalSection(ProjectConfigurationPlatforms) = postSolution
		{6AF63287-53C4-452B-8CCD-7E2F056F8F0B}.Debug|Any CPU.ActiveCfg = Debug|Any CPU
		{6AF63287-53C4-452B-8CCD-7E2F056F8F0B}.Debug|Any CPU.Build.0 = Debug|Any CPU
		{6AF63287-53C4-452B-8CCD-7E2F056F8F0B}.Release|Any CPU.ActiveCfg = Release|Any CPU
		{6AF63287-53C4-452B-8CCD-7E2F056F8F0B}.Release|Any CPU.Build.0 = Release|Any CPU
	EndGlobalSection
	GlobalSection(SolutionProperties) = preSolution
		HideSolutionNode = FALSE
	EndGlobalSection
	GlobalSection(ExtensibilityGlobals) = postSolution
		SolutionGuid = {7C434D6D-B452-4B11-B33E-598060590903}
	EndGlobalSection
EndGlobal
